# This file is autogenerated, do not edit; changes may be undone by the next 'dep ensure'.


[[projects]]
  branch = "master"
  name = "github.com/CenturyLinkLabs/docker-reg-client"
  packages = ["registry"]
  revision = "1f659e57f245f93fb2ca413f7df4483bdcf83fb4"

[[projects]]
  name = "github.com/inconshreveable/mousetrap"
  packages = ["."]
  revision = "76626ae9c91c4f2a10f34cad8ce83ea42c93bb75"
  version = "v1.0"

[[projects]]
  branch = "master"
  name = "github.com/mitchellh/go-homedir"
  packages = ["."]
  revision = "b8bc1bf767474819792c23f32d8286a45736f1c6"

[[projects]]
  name = "github.com/spf13/cobra"
  packages = ["."]
  revision = "7b2c5ac9fc04fc5efafb60700713d4fa609b777b"
  version = "v0.0.1"

[[projects]]
  name = "github.com/spf13/pflag"
  packages = ["."]
  revision = "e57e3eeb33f795204c1ca35f56c44f83227c6e66"
  version = "v1.0.0"

[[projects]]
  branch = "v24"
  name = "gopkg.in/libgit2/git2go.v24"
  packages = ["."]
  revision = "22091886372e73de5d66168e8665775676ec13c5"

[solve-meta]
  analyzer-name = "dep"
  analyzer-version = 1
  inputs-digest = "2336d886dea3d0c243ba646650bb3b933f6a0df8d86da18db1bd03bccea578c5"
  solver-name = "gps-cdcl"
  solver-version = 1
